
Microsoft Visual Studio Solution File, Format Version 12.00
# Visual Studio Version 16
VisualStudioVersion = 16.0.29424.173
MinimumVisualStudioVersion = 10.0.40219.1
Project("{FAE04EC0-301F-11D3-BF4B-00C04F79EFBC}") = "Crud_With_FirstApproch", "Crud_With_FirstApproch\Crud_With_FirstApproch.csproj", "{52FF9BF6-88CB-4C4E-A1DC-0D8023278266}"
EndProject
Global
	GlobalSection(SolutionConfigurationPlatforms) = preSolution
		Debug|Any CPU = Debug|Any CPU
		Release|Any CPU = Release|Any CPU
	EndGlobalSection
	GlobalSection(ProjectConfigurationPlatforms) = postSolution
		{52FF9BF6-88CB-4C4E-A1DC-0D8023278266}.Debug|Any CPU.ActiveCfg = Debug|Any CPU
		{52FF9BF6-88CB-4C4E-A1DC-0D8023278266}.Debug|Any CPU.Build.0 = Debug|Any CPU
		{52FF9BF6-88CB-4C4E-A1DC-0D8023278266}.Release|Any CPU.ActiveCfg = Release|Any CPU
		{52FF9BF6-88CB-4C4E-A1DC-0D8023278266}.Release|Any CPU.Build.0 = Release|Any CPU
	EndGlobalSection
	GlobalSection(SolutionProperties) = preSolution
		HideSolutionNode = FALSE
	EndGlobalSection
	GlobalSection(ExtensibilityGlobals) = postSolution
		SolutionGuid = {3B6D3D50-A9EF-421B-8827-0F6F4FED76AD}
	EndGlobalSection
EndGlobal
